
Microsoft Visual Studio Solution File, Format Version 12.00
# Visual Studio Version 17
VisualStudioVersion = 17.1.32407.343
MinimumVisualStudioVersion = 10.0.40219.1
Project("{FAE04EC0-301F-11D3-BF4B-00C04F79EFBC}") = "Course_System", "Course_System\Course_System.csproj", "{92AEC873-E154-4781-B3F8-B51A7589B3CE}"
EndProject
Global
	GlobalSection(SolutionConfigurationPlatforms) = preSolution
		Debug|Any CPU = Debug|Any CPU
		Release|Any CPU = Release|Any CPU
	EndGlobalSection
	GlobalSection(ProjectConfigurationPlatforms) = postSolution
		{92AEC873-E154-4781-B3F8-B51A7589B3CE}.Debug|Any CPU.ActiveCfg = Debug|Any CPU
		{92AEC873-E154-4781-B3F8-B51A7589B3CE}.Debug|Any CPU.Build.0 = Debug|Any CPU
		{92AEC873-E154-4781-B3F8-B51A7589B3CE}.Release|Any CPU.ActiveCfg = Release|Any CPU
		{92AEC873-E154-4781-B3F8-B51A7589B3CE}.Release|Any CPU.Build.0 = Release|Any CPU
	EndGlobalSection
	GlobalSection(SolutionProperties) = preSolution
		HideSolutionNode = FALSE
	EndGlobalSection
	GlobalSection(ExtensibilityGlobals) = postSolution
		SolutionGuid = {CE4A6475-E21B-42E2-AB0F-289339017912}
	EndGlobalSection
EndGlobal
